
Microsoft Visual Studio Solution File, Format Version 12.00
# Visual Studio Version 16
VisualStudioVersion = 16.0.31515.178
MinimumVisualStudioVersion = 10.0.40219.1
Project("{FAE04EC0-301F-11D3-BF4B-00C04F79EFBC}") = "programa_centigrados_fahrenheit", "programa_centigrados_fahrenheit\programa_centigrados_fahrenheit.csproj", "{61E982C6-B8EE-4362-94EF-D8143158CAFE}"
EndProject
Global
	GlobalSection(SolutionConfigurationPlatforms) = preSolution
		Debug|Any CPU = Debug|Any CPU
		Release|Any CPU = Release|Any CPU
	EndGlobalSection
	GlobalSection(ProjectConfigurationPlatforms) = postSolution
		{61E982C6-B8EE-4362-94EF-D8143158CAFE}.Debug|Any CPU.ActiveCfg = Debug|Any CPU
		{61E982C6-B8EE-4362-94EF-D8143158CAFE}.Debug|Any CPU.Build.0 = Debug|Any CPU
		{61E982C6-B8EE-4362-94EF-D8143158CAFE}.Release|Any CPU.ActiveCfg = Release|Any CPU
		{61E982C6-B8EE-4362-94EF-D8143158CAFE}.Release|Any CPU.Build.0 = Release|Any CPU
	EndGlobalSection
	GlobalSection(SolutionProperties) = preSolution
		HideSolutionNode = FALSE
	EndGlobalSection
	GlobalSection(ExtensibilityGlobals) = postSolution
		SolutionGuid = {EF3FE5DD-652B-442F-AC64-011738C407AE}
	EndGlobalSection
EndGlobal
